
Microsoft Visual Studio Solution File, Format Version 12.00
# Visual Studio Version 16
VisualStudioVersion = 16.0.30225.117
MinimumVisualStudioVersion = 10.0.40219.1
Project("{9A19103F-16F7-4668-BE54-9A1E7A4F7556}") = "Payment Gateway API", "Payment Gateway API\Payment Gateway API.csproj", "{37E8548D-5901-47E9-9020-E7254FD93EE4}"
EndProject
Project("{E53339B2-1760-4266-BCC7-CA923CBCF16C}") = "docker-compose", "docker-compose.dcproj", "{61AE860F-362F-4005-A4C2-3A582EAB0379}"
EndProject
Global
	GlobalSection(SolutionConfigurationPlatforms) = preSolution
		Debug|Any CPU = Debug|Any CPU
		Release|Any CPU = Release|Any CPU
	EndGlobalSection
	GlobalSection(ProjectConfigurationPlatforms) = postSolution
		{37E8548D-5901-47E9-9020-E7254FD93EE4}.Debug|Any CPU.ActiveCfg = Debug|Any CPU
		{37E8548D-5901-47E9-9020-E7254FD93EE4}.Debug|Any CPU.Build.0 = Debug|Any CPU
		{37E8548D-5901-47E9-9020-E7254FD93EE4}.Release|Any CPU.ActiveCfg = Release|Any CPU
		{37E8548D-5901-47E9-9020-E7254FD93EE4}.Release|Any CPU.Build.0 = Release|Any CPU
		{61AE860F-362F-4005-A4C2-3A582EAB0379}.Debug|Any CPU.ActiveCfg = Debug|Any CPU
		{61AE860F-362F-4005-A4C2-3A582EAB0379}.Debug|Any CPU.Build.0 = Debug|Any CPU
		{61AE860F-362F-4005-A4C2-3A582EAB0379}.Release|Any CPU.ActiveCfg = Release|Any CPU
		{61AE860F-362F-4005-A4C2-3A582EAB0379}.Release|Any CPU.Build.0 = Release|Any CPU
	EndGlobalSection
	GlobalSection(SolutionProperties) = preSolution
		HideSolutionNode = FALSE
	EndGlobalSection
	GlobalSection(ExtensibilityGlobals) = postSolution
		SolutionGuid = {CDF9894B-EA2A-49AD-893E-DE29DFB7E43D}
	EndGlobalSection
EndGlobal
